
Microsoft Visual Studio Solution File, Format Version 12.00
# Visual Studio Version 16
VisualStudioVersion = 16.0.30114.105
MinimumVisualStudioVersion = 10.0.40219.1
Project("{2150E333-8FDC-42A3-9474-1A3956D46DE8}") = "src", "src", "{DBEFA432-72D6-4B2E-B16B-368673E21C23}"
EndProject
Project("{9A19103F-16F7-4668-BE54-9A1E7A4F7556}") = "Manager.API", "src\1 - Manager.API\Manager.API.csproj", "{E1B89284-9F4C-4B26-A1A2-4F00BD881343}"
EndProject
Project("{9A19103F-16F7-4668-BE54-9A1E7A4F7556}") = "Manager.Domain", "src\2 - Manager.Domain\Manager.Domain.csproj", "{CBB8FCD6-8CF9-439C-8161-496E82A82AD1}"
EndProject
Project("{9A19103F-16F7-4668-BE54-9A1E7A4F7556}") = "Manager.Services", "src\3 - Manager.Services\Manager.Services.csproj", "{329E7A94-DCF7-41EC-9793-4EA90EE70856}"
EndProject
Project("{9A19103F-16F7-4668-BE54-9A1E7A4F7556}") = "Manager.Infra", "src\4 - Manager.Infra\Manager.Infra.csproj", "{24C6B3B8-D5C9-4B12-B40E-539CEA02FE9B}"
EndProject
Project("{9A19103F-16F7-4668-BE54-9A1E7A4F7556}") = "Manager.Core", "src\5 - Manager.Core\Manager.Core.csproj", "{C2499CE8-789F-41D1-BF8C-E044CD4AF6FB}"
EndProject
Project("{9A19103F-16F7-4668-BE54-9A1E7A4F7556}") = "Manager.Tests", "src\6 - Manager.Tests\Manager.Tests.csproj", "{F0A20D4C-FBAC-4C2C-9614-73E890BCABC6}"
EndProject
Global
	GlobalSection(SolutionConfigurationPlatforms) = preSolution
		Debug|Any CPU = Debug|Any CPU
		Debug|x64 = Debug|x64
		Debug|x86 = Debug|x86
		Release|Any CPU = Release|Any CPU
		Release|x64 = Release|x64
		Release|x86 = Release|x86
	EndGlobalSection
	GlobalSection(ProjectConfigurationPlatforms) = postSolution
		{E1B89284-9F4C-4B26-A1A2-4F00BD881343}.Debug|Any CPU.ActiveCfg = Debug|Any CPU
		{E1B89284-9F4C-4B26-A1A2-4F00BD881343}.Debug|Any CPU.Build.0 = Debug|Any CPU
		{E1B89284-9F4C-4B26-A1A2-4F00BD881343}.Debug|x64.ActiveCfg = Debug|Any CPU
		{E1B89284-9F4C-4B26-A1A2-4F00BD881343}.Debug|x64.Build.0 = Debug|Any CPU
		{E1B89284-9F4C-4B26-A1A2-4F00BD881343}.Debug|x86.ActiveCfg = Debug|Any CPU
		{E1B89284-9F4C-4B26-A1A2-4F00BD881343}.Debug|x86.Build.0 = Debug|Any CPU
		{E1B89284-9F4C-4B26-A1A2-4F00BD881343}.Release|Any CPU.ActiveCfg = Release|Any CPU
		{E1B89284-9F4C-4B26-A1A2-4F00BD881343}.Release|Any CPU.Build.0 = Release|Any CPU
		{E1B89284-9F4C-4B26-A1A2-4F00BD881343}.Release|x64.ActiveCfg = Release|Any CPU
		{E1B89284-9F4C-4B26-A1A2-4F00BD881343}.Release|x64.Build.0 = Release|Any CPU
		{E1B89284-9F4C-4B26-A1A2-4F00BD881343}.Release|x86.ActiveCfg = Release|Any CPU
		{E1B89284-9F4C-4B26-A1A2-4F00BD881343}.Release|x86.Build.0 = Release|Any CPU
		{CBB8FCD6-8CF9-439C-8161-496E82A82AD1}.Debug|Any CPU.ActiveCfg = Debug|Any CPU
		{CBB8FCD6-8CF9-439C-8161-496E82A82AD1}.Debug|Any CPU.Build.0 = Debug|Any CPU
		{CBB8FCD6-8CF9-439C-8161-496E82A82AD1}.Debug|x64.ActiveCfg = Debug|Any CPU
		{CBB8FCD6-8CF9-439C-8161-496E82A82AD1}.Debug|x64.Build.0 = Debug|Any CPU
		{CBB8FCD6-8CF9-439C-8161-496E82A82AD1}.Debug|x86.ActiveCfg = Debug|Any CPU
		{CBB8FCD6-8CF9-439C-8161-496E82A82AD1}.Debug|x86.Build.0 = Debug|Any CPU
		{CBB8FCD6-8CF9-439C-8161-496E82A82AD1}.Release|Any CPU.ActiveCfg = Release|Any CPU
		{CBB8FCD6-8CF9-439C-8161-496E82A82AD1}.Release|Any CPU.Build.0 = Release|Any CPU
		{CBB8FCD6-8CF9-439C-8161-496E82A82AD1}.Release|x64.ActiveCfg = Release|Any CPU
		{CBB8FCD6-8CF9-439C-8161-496E82A82AD1}.Release|x64.Build.0 = Release|Any CPU
		{CBB8FCD6-8CF9-439C-8161-496E82A82AD1}.Release|x86.ActiveCfg = Release|Any CPU
		{CBB8FCD6-8CF9-439C-8161-496E82A82AD1}.Release|x86.Build.0 = Release|Any CPU
		{329E7A94-DCF7-41EC-9793-4EA90EE70856}.Debug|Any CPU.ActiveCfg = Debug|Any CPU
		{329E7A94-DCF7-41EC-9793-4EA90EE70856}.Debug|Any CPU.Build.0 = Debug|Any CPU
		{329E7A94-DCF7-41EC-9793-4EA90EE70856}.Debug|x64.ActiveCfg = Debug|Any CPU
		{329E7A94-DCF7-41EC-9793-4EA90EE70856}.Debug|x64.Build.0 = Debug|Any CPU
		{329E7A94-DCF7-41EC-9793-4EA90EE70856}.Debug|x86.ActiveCfg = Debug|Any CPU
		{329E7A94-DCF7-41EC-9793-4EA90EE70856}.Debug|x86.Build.0 = Debug|Any CPU
		{329E7A94-DCF7-41EC-9793-4EA90EE70856}.Release|Any CPU.ActiveCfg = Release|Any CPU
		{329E7A94-DCF7-41EC-9793-4EA90EE70856}.Release|Any CPU.Build.0 = Release|Any CPU
		{329E7A94-DCF7-41EC-9793-4EA90EE70856}.Release|x64.ActiveCfg = Release|Any CPU
		{329E7A94-DCF7-41EC-9793-4EA90EE70856}.Release|x64.Build.0 = Release|Any CPU
		{329E7A94-DCF7-41EC-9793-4EA90EE70856}.Release|x86.ActiveCfg = Release|Any CPU
		{329E7A94-DCF7-41EC-9793-4EA90EE70856}.Release|x86.Build.0 = Release|Any CPU
		{24C6B3B8-D5C9-4B12-B40E-539CEA02FE9B}.Debug|Any CPU.ActiveCfg = Debug|Any CPU
		{24C6B3B8-D5C9-4B12-B40E-539CEA02FE9B}.Debug|Any CPU.Build.0 = Debug|Any CPU
		{24C6B3B8-D5C9-4B12-B40E-539CEA02FE9B}.Debug|x64.ActiveCfg = Debug|Any CPU
		{24C6B3B8-D5C9-4B12-B40E-539CEA02FE9B}.Debug|x64.Build.0 = Debug|Any CPU
		{24C6B3B8-D5C9-4B12-B40E-539CEA02FE9B}.Debug|x86.ActiveCfg = Debug|Any CPU
		{24C6B3B8-D5C9-4B12-B40E-539CEA02FE9B}.Debug|x86.Build.0 = Debug|Any CPU
		{24C6B3B8-D5C9-4B12-B40E-539CEA02FE9B}.Release|Any CPU.ActiveCfg = Release|Any CPU
		{24C6B3B8-D5C9-4B12-B40E-539CEA02FE9B}.Release|Any CPU.Build.0 = Release|Any CPU
		{24C6B3B8-D5C9-4B12-B40E-539CEA02FE9B}.Release|x64.ActiveCfg = Release|Any CPU
		{24C6B3B8-D5C9-4B12-B40E-539CEA02FE9B}.Release|x64.Build.0 = Release|Any CPU
		{24C6B3B8-D5C9-4B12-B40E-539CEA02FE9B}.Release|x86.ActiveCfg = Release|Any CPU
		{24C6B3B8-D5C9-4B12-B40E-539CEA02FE9B}.Release|x86.Build.0 = Release|Any CPU
		{C2499CE8-789F-41D1-BF8C-E044CD4AF6FB}.Debug|Any CPU.ActiveCfg = Debug|Any CPU
		{C2499CE8-789F-41D1-BF8C-E044CD4AF6FB}.Debug|Any CPU.Build.0 = Debug|Any CPU
		{C2499CE8-789F-41D1-BF8C-E044CD4AF6FB}.Debug|x64.ActiveCfg = Debug|Any CPU
		{C2499CE8-789F-41D1-BF8C-E044CD4AF6FB}.Debug|x64.Build.0 = Debug|Any CPU
		{C2499CE8-789F-41D1-BF8C-E044CD4AF6FB}.Debug|x86.ActiveCfg = Debug|Any CPU
		{C2499CE8-789F-41D1-BF8C-E044CD4AF6FB}.Debug|x86.Build.0 = Debug|Any CPU
		{C2499CE8-789F-41D1-BF8C-E044CD4AF6FB}.Release|Any CPU.ActiveCfg = Release|Any CPU
		{C2499CE8-789F-41D1-BF8C-E044CD4AF6FB}.Release|Any CPU.Build.0 = Release|Any CPU
		{C2499CE8-789F-41D1-BF8C-E044CD4AF6FB}.Release|x64.ActiveCfg = Release|Any CPU
		{C2499CE8-789F-41D1-BF8C-E044CD4AF6FB}.Release|x64.Build.0 = Release|Any CPU
		{C2499CE8-789F-41D1-BF8C-E044CD4AF6FB}.Release|x86.ActiveCfg = Release|Any CPU
		{C2499CE8-789F-41D1-BF8C-E044CD4AF6FB}.Release|x86.Build.0 = Release|Any CPU
		{F0A20D4C-FBAC-4C2C-9614-73E890BCABC6}.Debug|Any CPU.ActiveCfg = Debug|Any CPU
		{F0A20D4C-FBAC-4C2C-9614-73E890BCABC6}.Debug|Any CPU.Build.0 = Debug|Any CPU
		{F0A20D4C-FBAC-4C2C-9614-73E890BCABC6}.Debug|x64.ActiveCfg = Debug|Any CPU
		{F0A20D4C-FBAC-4C2C-9614-73E890BCABC6}.Debug|x64.Build.0 = Debug|Any CPU
		{F0A20D4C-FBAC-4C2C-9614-73E890BCABC6}.Debug|x86.ActiveCfg = Debug|Any CPU
		{F0A20D4C-FBAC-4C2C-9614-73E890BCABC6}.Debug|x86.Build.0 = Debug|Any CPU
		{F0A20D4C-FBAC-4C2C-9614-73E890BCABC6}.Release|Any CPU.ActiveCfg = Release|Any CPU
		{F0A20D4C-FBAC-4C2C-9614-73E890BCABC6}.Release|Any CPU.Build.0 = Release|Any CPU
		{F0A20D4C-FBAC-4C2C-9614-73E890BCABC6}.Release|x64.ActiveCfg = Release|Any CPU
		{F0A20D4C-FBAC-4C2C-9614-73E890BCABC6}.Release|x64.Build.0 = Release|Any CPU
		{F0A20D4C-FBAC-4C2C-9614-73E890BCABC6}.Release|x86.ActiveCfg = Release|Any CPU
		{F0A20D4C-FBAC-4C2C-9614-73E890BCABC6}.Release|x86.Build.0 = Release|Any CPU
	EndGlobalSection
	GlobalSection(SolutionProperties) = preSolution
		HideSolutionNode = FALSE
	EndGlobalSection
	GlobalSection(NestedProjects) = preSolution
		{E1B89284-9F4C-4B26-A1A2-4F00BD881343} = {DBEFA432-72D6-4B2E-B16B-368673E21C23}
		{CBB8FCD6-8CF9-439C-8161-496E82A82AD1} = {DBEFA432-72D6-4B2E-B16B-368673E21C23}
		{329E7A94-DCF7-41EC-9793-4EA90EE70856} = {DBEFA432-72D6-4B2E-B16B-368673E21C23}
		{24C6B3B8-D5C9-4B12-B40E-539CEA02FE9B} = {DBEFA432-72D6-4B2E-B16B-368673E21C23}
		{C2499CE8-789F-41D1-BF8C-E044CD4AF6FB} = {DBEFA432-72D6-4B2E-B16B-368673E21C23}
		{F0A20D4C-FBAC-4C2C-9614-73E890BCABC6} = {DBEFA432-72D6-4B2E-B16B-368673E21C23}
	EndGlobalSection
	GlobalSection(ExtensibilityGlobals) = postSolution
		SolutionGuid = {8911D392-E915-46AD-AFE9-B0C9AE1591A9}
	EndGlobalSection
EndGlobal
